{
  "name": "app",
  "version": "0.0.0",
  "dependencies": {
    "accepts": {
      "version": "1.2.13",
      "from": "accepts@>=1.2.12 <1.3.0",
      "resolved": "https://registry.npmjs.org/accepts/-/accepts-1.2.13.tgz"
    },
    "acorn": {
      "version": "2.7.0",
      "from": "acorn@>=2.1.0 <3.0.0",
      "resolved": "https://registry.npmjs.org/acorn/-/acorn-2.7.0.tgz"
    },
    "acorn-globals": {
      "version": "1.0.9",
      "from": "acorn-globals@>=1.0.3 <2.0.0",
      "resolved": "https://registry.npmjs.org/acorn-globals/-/acorn-globals-1.0.9.tgz"
    },
    "after": {
      "version": "0.8.2",
      "from": "after@0.8.2",
      "resolved": "https://registry.npmjs.org/after/-/after-0.8.2.tgz"
    },
    "align-text": {
      "version": "0.1.4",
      "from": "align-text@>=0.1.3 <0.2.0",
      "resolved": "https://registry.npmjs.org/align-text/-/align-text-0.1.4.tgz"
    },
    "amdefine": {
      "version": "1.0.1",
      "from": "amdefine@>=0.0.4",
      "resolved": "https://registry.npmjs.org/amdefine/-/amdefine-1.0.1.tgz"
    },
    "ansi-regex": {
      "version": "2.1.1",
      "from": "ansi-regex@>=2.0.0 <3.0.0",
      "resolved": "https://registry.npmjs.org/ansi-regex/-/ansi-regex-2.1.1.tgz"
    },
    "ansi-to-html": {
      "version": "0.6.11",
      "from": "ansi-to-html@0.6.11",
      "resolved": "https://registry.npmjs.org/ansi-to-html/-/ansi-to-html-0.6.11.tgz"
    },
    "argparse": {
      "version": "1.0.10",
      "from": "argparse@>=1.0.7 <2.0.0",
      "resolved": "https://registry.npmjs.org/argparse/-/argparse-1.0.10.tgz"
    },
    "array-flatten": {
      "version": "1.1.1",
      "from": "array-flatten@1.1.1",
      "resolved": "https://registry.npmjs.org/array-flatten/-/array-flatten-1.1.1.tgz"
    },
    "arraybuffer.slice": {
      "version": "0.0.6",
      "from": "arraybuffer.slice@0.0.6",
      "resolved": "https://registry.npmjs.org/arraybuffer.slice/-/arraybuffer.slice-0.0.6.tgz"
    },
    "asap": {
      "version": "1.0.0",
      "from": "asap@>=1.0.0 <1.1.0",
      "resolved": "https://registry.npmjs.org/asap/-/asap-1.0.0.tgz"
    },
    "asn1": {
      "version": "0.2.1",
      "from": "asn1@0.2.1",
      "resolved": "https://registry.npmjs.org/asn1/-/asn1-0.2.1.tgz"
    },
    "async": {
      "version": "1.5.2",
      "from": "async@>=1.4.0 <2.0.0",
      "resolved": "https://registry.npmjs.org/async/-/async-1.5.2.tgz"
    },
    "backo2": {
      "version": "1.0.2",
      "from": "backo2@1.0.2",
      "resolved": "https://registry.npmjs.org/backo2/-/backo2-1.0.2.tgz"
    },
    "balanced-match": {
      "version": "1.0.0",
      "from": "balanced-match@>=1.0.0 <2.0.0",
      "resolved": "https://registry.npmjs.org/balanced-match/-/balanced-match-1.0.0.tgz"
    },
    "base64-arraybuffer": {
      "version": "0.1.5",
      "from": "base64-arraybuffer@0.1.5",
      "resolved": "https://registry.npmjs.org/base64-arraybuffer/-/base64-arraybuffer-0.1.5.tgz"
    },
    "base64id": {
      "version": "1.0.0",
      "from": "base64id@1.0.0",
      "resolved": "https://registry.npmjs.org/base64id/-/base64id-1.0.0.tgz"
    },
    "basic-auth": {
      "version": "2.0.1",
      "from": "basic-auth@>=2.0.0 <2.1.0",
      "resolved": "https://registry.npmjs.org/basic-auth/-/basic-auth-2.0.1.tgz"
    },
    "better-assert": {
      "version": "1.0.2",
      "from": "better-assert@>=1.0.0 <1.1.0",
      "resolved": "https://registry.npmjs.org/better-assert/-/better-assert-1.0.2.tgz"
    },
    "bignumber.js": {
      "version": "7.2.1",
      "from": "bignumber.js@7.2.1",
      "resolved": "https://registry.npmjs.org/bignumber.js/-/bignumber.js-7.2.1.tgz"
    },
    "blob": {
      "version": "0.0.4",
      "from": "blob@0.0.4",
      "resolved": "https://registry.npmjs.org/blob/-/blob-0.0.4.tgz"
    },
    "body-parser": {
      "version": "1.19.0",
      "from": "body-parser@1.19.0",
      "resolved": "https://registry.npmjs.org/body-parser/-/body-parser-1.19.0.tgz",
      "dependencies": {
        "mime-db": {
          "version": "1.40.0",
          "from": "mime-db@1.40.0",
          "resolved": "https://registry.npmjs.org/mime-db/-/mime-db-1.40.0.tgz"
        },
        "mime-types": {
          "version": "2.1.24",
          "from": "mime-types@>=2.1.24 <2.2.0",
          "resolved": "https://registry.npmjs.org/mime-types/-/mime-types-2.1.24.tgz"
        },
        "type-is": {
          "version": "1.6.18",
          "from": "type-is@>=1.6.17 <1.7.0",
          "resolved": "https://registry.npmjs.org/type-is/-/type-is-1.6.18.tgz"
        }
      }
    },
    "brace-expansion": {
      "version": "1.1.11",
      "from": "brace-expansion@>=1.1.7 <2.0.0",
      "resolved": "https://registry.npmjs.org/brace-expansion/-/brace-expansion-1.1.11.tgz"
    },
    "bytes": {
      "version": "3.1.0",
      "from": "bytes@3.1.0",
      "resolved": "https://registry.npmjs.org/bytes/-/bytes-3.1.0.tgz"
    },
    "callsite": {
      "version": "1.0.0",
      "from": "callsite@1.0.0",
      "resolved": "https://registry.npmjs.org/callsite/-/callsite-1.0.0.tgz"
    },
    "camelcase": {
      "version": "1.2.1",
      "from": "camelcase@>=1.0.2 <2.0.0",
      "resolved": "https://registry.npmjs.org/camelcase/-/camelcase-1.2.1.tgz"
    },
    "center-align": {
      "version": "0.1.3",
      "from": "center-align@>=0.1.1 <0.2.0",
      "resolved": "https://registry.npmjs.org/center-align/-/center-align-0.1.3.tgz"
    },
    "character-parser": {
      "version": "1.2.1",
      "from": "character-parser@1.2.1",
      "resolved": "https://registry.npmjs.org/character-parser/-/character-parser-1.2.1.tgz"
    },
    "clean-css": {
      "version": "3.4.28",
      "from": "clean-css@>=3.1.9 <4.0.0",
      "resolved": "https://registry.npmjs.org/clean-css/-/clean-css-3.4.28.tgz",
      "dependencies": {
        "commander": {
          "version": "2.8.1",
          "from": "commander@>=2.8.0 <2.9.0",
          "resolved": "https://registry.npmjs.org/commander/-/commander-2.8.1.tgz"
        }
      }
    },
    "cliui": {
      "version": "2.1.0",
      "from": "cliui@>=2.1.0 <3.0.0",
      "resolved": "https://registry.npmjs.org/cliui/-/cliui-2.1.0.tgz",
      "dependencies": {
        "wordwrap": {
          "version": "0.0.2",
          "from": "wordwrap@0.0.2",
          "resolved": "https://registry.npmjs.org/wordwrap/-/wordwrap-0.0.2.tgz"
        }
      }
    },
    "code-point-at": {
      "version": "1.1.0",
      "from": "code-point-at@>=1.0.0 <2.0.0",
      "resolved": "https://registry.npmjs.org/code-point-at/-/code-point-at-1.1.0.tgz"
    },
    "commander": {
      "version": "2.6.0",
      "from": "commander@>=2.6.0 <2.7.0",
      "resolved": "https://registry.npmjs.org/commander/-/commander-2.6.0.tgz"
    },
    "component-bind": {
      "version": "1.0.0",
      "from": "component-bind@1.0.0",
      "resolved": "https://registry.npmjs.org/component-bind/-/component-bind-1.0.0.tgz"
    },
    "component-emitter": {
      "version": "1.1.2",
      "from": "component-emitter@1.1.2",
      "resolved": "https://registry.npmjs.org/component-emitter/-/component-emitter-1.1.2.tgz"
    },
    "component-inherit": {
      "version": "0.0.3",
      "from": "component-inherit@0.0.3",
      "resolved": "https://registry.npmjs.org/component-inherit/-/component-inherit-0.0.3.tgz"
    },
    "concat-map": {
      "version": "0.0.1",
      "from": "concat-map@0.0.1",
      "resolved": "https://registry.npmjs.org/concat-map/-/concat-map-0.0.1.tgz"
    },
    "constantinople": {
      "version": "3.0.2",
      "from": "constantinople@>=3.0.1 <3.1.0",
      "resolved": "https://registry.npmjs.org/constantinople/-/constantinople-3.0.2.tgz"
    },
    "content-disposition": {
      "version": "0.5.1",
      "from": "content-disposition@0.5.1",
      "resolved": "https://registry.npmjs.org/content-disposition/-/content-disposition-0.5.1.tgz"
    },
    "content-type": {
      "version": "1.0.4",
      "from": "content-type@>=1.0.4 <1.1.0",
      "resolved": "https://registry.npmjs.org/content-type/-/content-type-1.0.4.tgz"
    },
    "cookie": {
      "version": "0.3.1",
      "from": "cookie@0.3.1",
      "resolved": "https://registry.npmjs.org/cookie/-/cookie-0.3.1.tgz"
    },
    "cookie-parser": {
      "version": "1.4.4",
      "from": "cookie-parser@1.4.4",
      "resolved": "https://registry.npmjs.org/cookie-parser/-/cookie-parser-1.4.4.tgz"
    },
    "cookie-signature": {
      "version": "1.0.6",
      "from": "cookie-signature@1.0.6",
      "resolved": "https://registry.npmjs.org/cookie-signature/-/cookie-signature-1.0.6.tgz"
    },
    "core-util-is": {
      "version": "1.0.2",
      "from": "core-util-is@>=1.0.0 <1.1.0",
      "resolved": "https://registry.npmjs.org/core-util-is/-/core-util-is-1.0.2.tgz"
    },
    "css": {
      "version": "1.0.8",
      "from": "css@>=1.0.8 <1.1.0",
      "resolved": "https://registry.npmjs.org/css/-/css-1.0.8.tgz"
    },
    "css-parse": {
      "version": "1.0.4",
      "from": "css-parse@1.0.4",
      "resolved": "https://registry.npmjs.org/css-parse/-/css-parse-1.0.4.tgz"
    },
    "css-stringify": {
      "version": "1.0.5",
      "from": "css-stringify@1.0.5",
      "resolved": "https://registry.npmjs.org/css-stringify/-/css-stringify-1.0.5.tgz"
    },
    "debug": {
      "version": "2.6.9",
      "from": "debug@2.6.9",
      "resolved": "https://registry.npmjs.org/debug/-/debug-2.6.9.tgz"
    },
    "decamelize": {
      "version": "1.2.0",
      "from": "decamelize@>=1.0.0 <2.0.0",
      "resolved": "https://registry.npmjs.org/decamelize/-/decamelize-1.2.0.tgz"
    },
    "depd": {
      "version": "1.1.2",
      "from": "depd@>=1.1.2 <1.2.0",
      "resolved": "https://registry.npmjs.org/depd/-/depd-1.1.2.tgz"
    },
    "destroy": {
      "version": "1.0.4",
      "from": "destroy@>=1.0.4 <1.1.0",
      "resolved": "https://registry.npmjs.org/destroy/-/destroy-1.0.4.tgz"
    },
    "ee-first": {
      "version": "1.1.1",
      "from": "ee-first@1.1.1",
      "resolved": "https://registry.npmjs.org/ee-first/-/ee-first-1.1.1.tgz"
    },
    "engine.io": {
      "version": "1.8.5",
      "from": "engine.io@>=1.8.4 <1.9.0",
      "resolved": "https://registry.npmjs.org/engine.io/-/engine.io-1.8.5.tgz",
      "dependencies": {
        "accepts": {
          "version": "1.3.3",
          "from": "accepts@1.3.3",
          "resolved": "https://registry.npmjs.org/accepts/-/accepts-1.3.3.tgz"
        },
        "debug": {
          "version": "2.3.3",
          "from": "debug@2.3.3",
          "resolved": "https://registry.npmjs.org/debug/-/debug-2.3.3.tgz"
        },
        "ms": {
          "version": "0.7.2",
          "from": "ms@0.7.2",
          "resolved": "https://registry.npmjs.org/ms/-/ms-0.7.2.tgz"
        },
        "negotiator": {
          "version": "0.6.1",
          "from": "negotiator@0.6.1",
          "resolved": "https://registry.npmjs.org/negotiator/-/negotiator-0.6.1.tgz"
        }
      }
    },
    "engine.io-client": {
      "version": "1.8.5",
      "from": "engine.io-client@>=1.8.4 <1.9.0",
      "resolved": "https://registry.npmjs.org/engine.io-client/-/engine.io-client-1.8.5.tgz",
      "dependencies": {
        "component-emitter": {
          "version": "1.2.1",
          "from": "component-emitter@1.2.1",
          "resolved": "https://registry.npmjs.org/component-emitter/-/component-emitter-1.2.1.tgz"
        },
        "debug": {
          "version": "2.3.3",
          "from": "debug@2.3.3",
          "resolved": "https://registry.npmjs.org/debug/-/debug-2.3.3.tgz"
        },
        "ms": {
          "version": "0.7.2",
          "from": "ms@0.7.2",
          "resolved": "https://registry.npmjs.org/ms/-/ms-0.7.2.tgz"
        }
      }
    },
    "engine.io-parser": {
      "version": "1.3.2",
      "from": "engine.io-parser@1.3.2",
      "resolved": "https://registry.npmjs.org/engine.io-parser/-/engine.io-parser-1.3.2.tgz"
    },
    "entities": {
      "version": "1.1.2",
      "from": "entities@>=1.1.1 <2.0.0",
      "resolved": "https://registry.npmjs.org/entities/-/entities-1.1.2.tgz"
    },
    "escape-html": {
      "version": "1.0.3",
      "from": "escape-html@>=1.0.3 <1.1.0",
      "resolved": "https://registry.npmjs.org/escape-html/-/escape-html-1.0.3.tgz"
    },
    "etag": {
      "version": "1.7.0",
      "from": "etag@>=1.7.0 <1.8.0",
      "resolved": "https://registry.npmjs.org/etag/-/etag-1.7.0.tgz"
    },
    "express": {
      "version": "4.13.4",
      "from": "express@>=4.13.3 <4.14.0",
      "resolved": "https://registry.npmjs.org/express/-/express-4.13.4.tgz",
      "dependencies": {
        "cookie": {
          "version": "0.1.5",
          "from": "cookie@0.1.5",
          "resolved": "https://registry.npmjs.org/cookie/-/cookie-0.1.5.tgz"
        },
        "debug": {
          "version": "2.2.0",
          "from": "debug@>=2.2.0 <2.3.0",
          "resolved": "https://registry.npmjs.org/debug/-/debug-2.2.0.tgz"
        },
        "ms": {
          "version": "0.7.1",
          "from": "ms@0.7.1",
          "resolved": "https://registry.npmjs.org/ms/-/ms-0.7.1.tgz"
        },
        "qs": {
          "version": "4.0.0",
          "from": "qs@4.0.0",
          "resolved": "https://registry.npmjs.org/qs/-/qs-4.0.0.tgz"
        }
      }
    },
    "finalhandler": {
      "version": "0.4.1",
      "from": "finalhandler@0.4.1",
      "resolved": "https://registry.npmjs.org/finalhandler/-/finalhandler-0.4.1.tgz",
      "dependencies": {
        "debug": {
          "version": "2.2.0",
          "from": "debug@>=2.2.0 <2.3.0",
          "resolved": "https://registry.npmjs.org/debug/-/debug-2.2.0.tgz"
        },
        "ms": {
          "version": "0.7.1",
          "from": "ms@0.7.1",
          "resolved": "https://registry.npmjs.org/ms/-/ms-0.7.1.tgz"
        }
      }
    },
    "forwarded": {
      "version": "0.1.2",
      "from": "forwarded@>=0.1.0 <0.2.0",
      "resolved": "https://registry.npmjs.org/forwarded/-/forwarded-0.1.2.tgz"
    },
    "fresh": {
      "version": "0.3.0",
      "from": "fresh@0.3.0",
      "resolved": "https://registry.npmjs.org/fresh/-/fresh-0.3.0.tgz"
    },
    "fs.realpath": {
      "version": "1.0.0",
      "from": "fs.realpath@>=1.0.0 <2.0.0",
      "resolved": "https://registry.npmjs.org/fs.realpath/-/fs.realpath-1.0.0.tgz"
    },
    "glob": {
      "version": "7.1.3",
      "from": "glob@>=7.0.0 <8.0.0",
      "resolved": "https://registry.npmjs.org/glob/-/glob-7.1.3.tgz"
    },
    "graceful-readlink": {
      "version": "1.0.1",
      "from": "graceful-readlink@>=1.0.0",
      "resolved": "https://registry.npmjs.org/graceful-readlink/-/graceful-readlink-1.0.1.tgz"
    },
    "has-binary": {
      "version": "0.1.7",
      "from": "has-binary@0.1.7",
      "resolved": "https://registry.npmjs.org/has-binary/-/has-binary-0.1.7.tgz",
      "dependencies": {
        "isarray": {
          "version": "0.0.1",
          "from": "isarray@0.0.1",
          "resolved": "https://registry.npmjs.org/isarray/-/isarray-0.0.1.tgz"
        }
      }
    },
    "has-cors": {
      "version": "1.1.0",
      "from": "has-cors@1.1.0",
      "resolved": "https://registry.npmjs.org/has-cors/-/has-cors-1.1.0.tgz"
    },
    "http-errors": {
      "version": "1.7.2",
      "from": "http-errors@1.7.2",
      "resolved": "https://registry.npmjs.org/http-errors/-/http-errors-1.7.2.tgz"
    },
    "iconv-lite": {
      "version": "0.4.24",
      "from": "iconv-lite@0.4.24",
      "resolved": "https://registry.npmjs.org/iconv-lite/-/iconv-lite-0.4.24.tgz"
    },
    "indexof": {
      "version": "0.0.1",
      "from": "indexof@0.0.1",
      "resolved": "https://registry.npmjs.org/indexof/-/indexof-0.0.1.tgz"
    },
    "inflight": {
      "version": "1.0.6",
      "from": "inflight@>=1.0.4 <2.0.0",
      "resolved": "https://registry.npmjs.org/inflight/-/inflight-1.0.6.tgz"
    },
    "inherits": {
      "version": "2.0.3",
      "from": "inherits@2.0.3",
      "resolved": "https://registry.npmjs.org/inherits/-/inherits-2.0.3.tgz"
    },
    "ini": {
      "version": "1.3.5",
      "from": "ini@>=1.3.0 <2.0.0",
      "resolved": "https://registry.npmjs.org/ini/-/ini-1.3.5.tgz"
    },
    "interpret": {
      "version": "1.2.0",
      "from": "interpret@>=1.0.0 <2.0.0",
      "resolved": "https://registry.npmjs.org/interpret/-/interpret-1.2.0.tgz"
    },
    "invert-kv": {
      "version": "1.0.0",
      "from": "invert-kv@>=1.0.0 <2.0.0",
      "resolved": "https://registry.npmjs.org/invert-kv/-/invert-kv-1.0.0.tgz"
    },
    "ipaddr.js": {
      "version": "1.0.5",
      "from": "ipaddr.js@1.0.5",
      "resolved": "https://registry.npmjs.org/ipaddr.js/-/ipaddr.js-1.0.5.tgz"
    },
    "is-buffer": {
      "version": "1.1.6",
      "from": "is-buffer@>=1.1.5 <2.0.0",
      "resolved": "https://registry.npmjs.org/is-buffer/-/is-buffer-1.1.6.tgz"
    },
    "is-fullwidth-code-point": {
      "version": "1.0.0",
      "from": "is-fullwidth-code-point@>=1.0.0 <2.0.0",
      "resolved": "https://registry.npmjs.org/is-fullwidth-code-point/-/is-fullwidth-code-point-1.0.0.tgz"
    },
    "is-promise": {
      "version": "2.1.0",
      "from": "is-promise@>=2.0.0 <3.0.0",
      "resolved": "https://registry.npmjs.org/is-promise/-/is-promise-2.1.0.tgz"
    },
    "isarray": {
      "version": "1.0.0",
      "from": "isarray@>=1.0.0 <1.1.0",
      "resolved": "https://registry.npmjs.org/isarray/-/isarray-1.0.0.tgz"
    },
    "jade": {
      "version": "1.11.0",
      "from": "jade@>=1.11.0 <1.12.0",
      "resolved": "https://registry.npmjs.org/jade/-/jade-1.11.0.tgz"
    },
    "json3": {
      "version": "3.3.2",
      "from": "json3@3.3.2",
      "resolved": "https://registry.npmjs.org/json3/-/json3-3.3.2.tgz"
    },
    "jstransformer": {
      "version": "0.0.2",
      "from": "jstransformer@0.0.2",
      "resolved": "https://registry.npmjs.org/jstransformer/-/jstransformer-0.0.2.tgz"
    },
    "kind-of": {
      "version": "3.2.2",
      "from": "kind-of@>=3.0.2 <4.0.0",
      "resolved": "https://registry.npmjs.org/kind-of/-/kind-of-3.2.2.tgz"
    },
    "lazy-cache": {
      "version": "1.0.4",
      "from": "lazy-cache@>=1.0.3 <2.0.0",
      "resolved": "https://registry.npmjs.org/lazy-cache/-/lazy-cache-1.0.4.tgz"
    },
    "lcid": {
      "version": "1.0.0",
      "from": "lcid@>=1.0.0 <2.0.0",
      "resolved": "https://registry.npmjs.org/lcid/-/lcid-1.0.0.tgz"
    },
    "longest": {
      "version": "1.0.1",
      "from": "longest@>=1.0.1 <2.0.0",
      "resolved": "https://registry.npmjs.org/longest/-/longest-1.0.1.tgz"
    },
    "media-typer": {
      "version": "0.3.0",
      "from": "media-typer@0.3.0",
      "resolved": "https://registry.npmjs.org/media-typer/-/media-typer-0.3.0.tgz"
    },
    "merge-descriptors": {
      "version": "1.0.1",
      "from": "merge-descriptors@1.0.1",
      "resolved": "https://registry.npmjs.org/merge-descriptors/-/merge-descriptors-1.0.1.tgz"
    },
    "methods": {
      "version": "1.1.2",
      "from": "methods@>=1.1.2 <1.2.0",
      "resolved": "https://registry.npmjs.org/methods/-/methods-1.1.2.tgz"
    },
    "mime": {
      "version": "1.3.4",
      "from": "mime@1.3.4",
      "resolved": "https://registry.npmjs.org/mime/-/mime-1.3.4.tgz"
    },
    "mime-db": {
      "version": "1.37.0",
      "from": "mime-db@>=1.37.0 <1.38.0",
      "resolved": "https://registry.npmjs.org/mime-db/-/mime-db-1.37.0.tgz"
    },
    "mime-types": {
      "version": "2.1.21",
      "from": "mime-types@>=2.1.18 <2.2.0",
      "resolved": "https://registry.npmjs.org/mime-types/-/mime-types-2.1.21.tgz"
    },
    "minimatch": {
      "version": "3.0.4",
      "from": "minimatch@>=3.0.4 <4.0.0",
      "resolved": "https://registry.npmjs.org/minimatch/-/minimatch-3.0.4.tgz"
    },
    "minimist": {
      "version": "0.0.8",
      "from": "minimist@0.0.8",
      "resolved": "https://registry.npmjs.org/minimist/-/minimist-0.0.8.tgz"
    },
    "mkdirp": {
      "version": "0.5.1",
      "from": "mkdirp@>=0.5.0 <0.6.0",
      "resolved": "https://registry.npmjs.org/mkdirp/-/mkdirp-0.5.1.tgz"
    },
    "morgan": {
      "version": "1.9.1",
      "from": "morgan@1.9.1",
      "resolved": "https://registry.npmjs.org/morgan/-/morgan-1.9.1.tgz"
    },
    "ms": {
      "version": "2.0.0",
      "from": "ms@2.0.0",
      "resolved": "https://registry.npmjs.org/ms/-/ms-2.0.0.tgz"
    },
    "mysql": {
      "version": "2.17.1",
      "from": "mysql@2.17.1",
      "resolved": "https://registry.npmjs.org/mysql/-/mysql-2.17.1.tgz"
    },
    "nconf": {
      "version": "0.8.5",
      "from": "nconf@>=0.8.2 <0.9.0",
      "resolved": "https://registry.npmjs.org/nconf/-/nconf-0.8.5.tgz",
      "dependencies": {
        "camelcase": {
          "version": "2.1.1",
          "from": "camelcase@>=2.0.1 <3.0.0",
          "resolved": "https://registry.npmjs.org/camelcase/-/camelcase-2.1.1.tgz"
        },
        "cliui": {
          "version": "3.2.0",
          "from": "cliui@>=3.0.3 <4.0.0",
          "resolved": "https://registry.npmjs.org/cliui/-/cliui-3.2.0.tgz"
        },
        "window-size": {
          "version": "0.1.4",
          "from": "window-size@>=0.1.4 <0.2.0",
          "resolved": "https://registry.npmjs.org/window-size/-/window-size-0.1.4.tgz"
        },
        "yargs": {
          "version": "3.32.0",
          "from": "yargs@>=3.19.0 <4.0.0",
          "resolved": "https://registry.npmjs.org/yargs/-/yargs-3.32.0.tgz"
        }
      }
    },
    "negotiator": {
      "version": "0.5.3",
      "from": "negotiator@0.5.3",
      "resolved": "https://registry.npmjs.org/negotiator/-/negotiator-0.5.3.tgz"
    },
    "number-is-nan": {
      "version": "1.0.1",
      "from": "number-is-nan@>=1.0.0 <2.0.0",
      "resolved": "https://registry.npmjs.org/number-is-nan/-/number-is-nan-1.0.1.tgz"
    },
    "object-assign": {
      "version": "4.1.0",
      "from": "object-assign@4.1.0",
      "resolved": "https://registry.npmjs.org/object-assign/-/object-assign-4.1.0.tgz"
    },
    "object-component": {
      "version": "0.0.3",
      "from": "object-component@0.0.3",
      "resolved": "https://registry.npmjs.org/object-component/-/object-component-0.0.3.tgz"
    },
    "on-finished": {
      "version": "2.3.0",
      "from": "on-finished@>=2.3.0 <2.4.0",
      "resolved": "https://registry.npmjs.org/on-finished/-/on-finished-2.3.0.tgz"
    },
    "on-headers": {
      "version": "1.0.2",
      "from": "on-headers@>=1.0.0 <1.1.0",
      "resolved": "https://registry.npmjs.org/on-headers/-/on-headers-1.0.2.tgz"
    },
    "once": {
      "version": "1.4.0",
      "from": "once@>=1.3.0 <2.0.0",
      "resolved": "https://registry.npmjs.org/once/-/once-1.4.0.tgz"
    },
    "optimist": {
      "version": "0.3.7",
      "from": "optimist@>=0.3.5 <0.4.0",
      "resolved": "https://registry.npmjs.org/optimist/-/optimist-0.3.7.tgz"
    },
    "options": {
      "version": "0.0.6",
      "from": "options@>=0.0.5",
      "resolved": "https://registry.npmjs.org/options/-/options-0.0.6.tgz"
    },
    "os-locale": {
      "version": "1.4.0",
      "from": "os-locale@>=1.4.0 <2.0.0",
      "resolved": "https://registry.npmjs.org/os-locale/-/os-locale-1.4.0.tgz"
    },
    "parsejson": {
      "version": "0.0.3",
      "from": "parsejson@0.0.3",
      "resolved": "https://registry.npmjs.org/parsejson/-/parsejson-0.0.3.tgz"
    },
    "parseqs": {
      "version": "0.0.5",
      "from": "parseqs@0.0.5",
      "resolved": "https://registry.npmjs.org/parseqs/-/parseqs-0.0.5.tgz"
    },
    "parseuri": {
      "version": "0.0.5",
      "from": "parseuri@0.0.5",
      "resolved": "https://registry.npmjs.org/parseuri/-/parseuri-0.0.5.tgz"
    },
    "parseurl": {
      "version": "1.3.2",
      "from": "parseurl@>=1.3.1 <1.4.0",
      "resolved": "https://registry.npmjs.org/parseurl/-/parseurl-1.3.2.tgz"
    },
    "path-is-absolute": {
      "version": "1.0.1",
      "from": "path-is-absolute@>=1.0.0 <2.0.0",
      "resolved": "https://registry.npmjs.org/path-is-absolute/-/path-is-absolute-1.0.1.tgz"
    },
    "path-parse": {
      "version": "1.0.6",
      "from": "path-parse@>=1.0.6 <2.0.0",
      "resolved": "https://registry.npmjs.org/path-parse/-/path-parse-1.0.6.tgz"
    },
    "path-to-regexp": {
      "version": "0.1.7",
      "from": "path-to-regexp@0.1.7",
      "resolved": "https://registry.npmjs.org/path-to-regexp/-/path-to-regexp-0.1.7.tgz"
    },
    "process-nextick-args": {
      "version": "2.0.1",
      "from": "process-nextick-args@>=2.0.0 <2.1.0",
      "resolved": "https://registry.npmjs.org/process-nextick-args/-/process-nextick-args-2.0.1.tgz"
    },
    "promise": {
      "version": "6.1.0",
      "from": "promise@>=6.0.1 <7.0.0",
      "resolved": "https://registry.npmjs.org/promise/-/promise-6.1.0.tgz"
    },
    "proxy-addr": {
      "version": "1.0.10",
      "from": "proxy-addr@>=1.0.10 <1.1.0",
      "resolved": "https://registry.npmjs.org/proxy-addr/-/proxy-addr-1.0.10.tgz"
    },
    "q": {
      "version": "1.4.1",
      "from": "q@>=1.4.1 <1.5.0",
      "resolved": "https://registry.npmjs.org/q/-/q-1.4.1.tgz"
    },
    "qs": {
      "version": "6.7.0",
      "from": "qs@6.7.0",
      "resolved": "https://registry.npmjs.org/qs/-/qs-6.7.0.tgz"
    },
    "range-parser": {
      "version": "1.0.3",
      "from": "range-parser@>=1.0.3 <1.1.0",
      "resolved": "https://registry.npmjs.org/range-parser/-/range-parser-1.0.3.tgz"
    },
    "raw-body": {
      "version": "2.4.0",
      "from": "raw-body@2.4.0",
      "resolved": "https://registry.npmjs.org/raw-body/-/raw-body-2.4.0.tgz"
    },
    "readable-stream": {
      "version": "2.3.6",
      "from": "readable-stream@2.3.6",
      "resolved": "https://registry.npmjs.org/readable-stream/-/readable-stream-2.3.6.tgz"
    },
    "rechoir": {
      "version": "0.6.2",
      "from": "rechoir@>=0.6.2 <0.7.0",
      "resolved": "https://registry.npmjs.org/rechoir/-/rechoir-0.6.2.tgz"
    },
    "repeat-string": {
      "version": "1.6.1",
      "from": "repeat-string@>=1.5.2 <2.0.0",
      "resolved": "https://registry.npmjs.org/repeat-string/-/repeat-string-1.6.1.tgz"
    },
    "resolve": {
      "version": "1.9.0",
      "from": "resolve@>=1.1.6 <2.0.0",
      "resolved": "https://registry.npmjs.org/resolve/-/resolve-1.9.0.tgz"
    },
    "right-align": {
      "version": "0.1.3",
      "from": "right-align@>=0.1.1 <0.2.0",
      "resolved": "https://registry.npmjs.org/right-align/-/right-align-0.1.3.tgz"
    },
    "safe-buffer": {
      "version": "5.1.2",
      "from": "safe-buffer@5.1.2",
      "resolved": "https://registry.npmjs.org/safe-buffer/-/safe-buffer-5.1.2.tgz"
    },
    "safer-buffer": {
      "version": "2.1.2",
      "from": "safer-buffer@>=2.1.2 <3.0.0",
      "resolved": "https://registry.npmjs.org/safer-buffer/-/safer-buffer-2.1.2.tgz"
    },
    "secure-keys": {
      "version": "1.0.0",
      "from": "secure-keys@>=1.0.0 <2.0.0",
      "resolved": "https://registry.npmjs.org/secure-keys/-/secure-keys-1.0.0.tgz"
    },
    "send": {
      "version": "0.13.1",
      "from": "send@0.13.1",
      "resolved": "https://registry.npmjs.org/send/-/send-0.13.1.tgz",
      "dependencies": {
        "debug": {
          "version": "2.2.0",
          "from": "debug@>=2.2.0 <2.3.0",
          "resolved": "https://registry.npmjs.org/debug/-/debug-2.2.0.tgz"
        },
        "http-errors": {
          "version": "1.3.1",
          "from": "http-errors@>=1.3.1 <1.4.0",
          "resolved": "https://registry.npmjs.org/http-errors/-/http-errors-1.3.1.tgz"
        },
        "ms": {
          "version": "0.7.1",
          "from": "ms@0.7.1",
          "resolved": "https://registry.npmjs.org/ms/-/ms-0.7.1.tgz"
        },
        "statuses": {
          "version": "1.2.1",
          "from": "statuses@>=1.2.1 <1.3.0",
          "resolved": "https://registry.npmjs.org/statuses/-/statuses-1.2.1.tgz"
        }
      }
    },
    "serve-favicon": {
      "version": "2.3.2",
      "from": "serve-favicon@>=2.3.0 <2.4.0",
      "resolved": "https://registry.npmjs.org/serve-favicon/-/serve-favicon-2.3.2.tgz",
      "dependencies": {
        "ms": {
          "version": "0.7.2",
          "from": "ms@0.7.2",
          "resolved": "https://registry.npmjs.org/ms/-/ms-0.7.2.tgz"
        }
      }
    },
    "serve-static": {
      "version": "1.10.3",
      "from": "serve-static@>=1.10.2 <1.11.0",
      "resolved": "https://registry.npmjs.org/serve-static/-/serve-static-1.10.3.tgz",
      "dependencies": {
        "debug": {
          "version": "2.2.0",
          "from": "debug@>=2.2.0 <2.3.0",
          "resolved": "https://registry.npmjs.org/debug/-/debug-2.2.0.tgz"
        },
        "http-errors": {
          "version": "1.3.1",
          "from": "http-errors@>=1.3.1 <1.4.0",
          "resolved": "https://registry.npmjs.org/http-errors/-/http-errors-1.3.1.tgz"
        },
        "ms": {
          "version": "0.7.1",
          "from": "ms@0.7.1",
          "resolved": "https://registry.npmjs.org/ms/-/ms-0.7.1.tgz"
        },
        "send": {
          "version": "0.13.2",
          "from": "send@0.13.2",
          "resolved": "https://registry.npmjs.org/send/-/send-0.13.2.tgz"
        },
        "statuses": {
          "version": "1.2.1",
          "from": "statuses@>=1.2.1 <1.3.0",
          "resolved": "https://registry.npmjs.org/statuses/-/statuses-1.2.1.tgz"
        }
      }
    },
    "setprototypeof": {
      "version": "1.1.1",
      "from": "setprototypeof@1.1.1",
      "resolved": "https://registry.npmjs.org/setprototypeof/-/setprototypeof-1.1.1.tgz"
    },
    "shelljs": {
      "version": "0.8.3",
      "from": "shelljs@>=0.8.3 <0.9.0",
      "resolved": "https://registry.npmjs.org/shelljs/-/shelljs-0.8.3.tgz"
    },
    "simple-ssh": {
      "version": "0.8.9",
      "from": "simple-ssh@>=0.8.6 <0.9.0",
      "resolved": "https://registry.npmjs.org/simple-ssh/-/simple-ssh-0.8.9.tgz"
    },
    "socket.io": {
      "version": "1.7.4",
      "from": "socket.io@>=1.3.7 <2.0.0",
      "resolved": "https://registry.npmjs.org/socket.io/-/socket.io-1.7.4.tgz",
      "dependencies": {
        "debug": {
          "version": "2.3.3",
          "from": "debug@2.3.3",
          "resolved": "https://registry.npmjs.org/debug/-/debug-2.3.3.tgz"
        },
        "ms": {
          "version": "0.7.2",
          "from": "ms@0.7.2",
          "resolved": "https://registry.npmjs.org/ms/-/ms-0.7.2.tgz"
        }
      }
    },
    "socket.io-adapter": {
      "version": "0.5.0",
      "from": "socket.io-adapter@0.5.0",
      "resolved": "https://registry.npmjs.org/socket.io-adapter/-/socket.io-adapter-0.5.0.tgz",
      "dependencies": {
        "debug": {
          "version": "2.3.3",
          "from": "debug@2.3.3",
          "resolved": "https://registry.npmjs.org/debug/-/debug-2.3.3.tgz"
        },
        "ms": {
          "version": "0.7.2",
          "from": "ms@0.7.2",
          "resolved": "https://registry.npmjs.org/ms/-/ms-0.7.2.tgz"
        }
      }
    },
    "socket.io-client": {
      "version": "1.7.4",
      "from": "socket.io-client@1.7.4",
      "resolved": "https://registry.npmjs.org/socket.io-client/-/socket.io-client-1.7.4.tgz",
      "dependencies": {
        "component-emitter": {
          "version": "1.2.1",
          "from": "component-emitter@1.2.1",
          "resolved": "https://registry.npmjs.org/component-emitter/-/component-emitter-1.2.1.tgz"
        },
        "debug": {
          "version": "2.3.3",
          "from": "debug@2.3.3",
          "resolved": "https://registry.npmjs.org/debug/-/debug-2.3.3.tgz"
        },
        "ms": {
          "version": "0.7.2",
          "from": "ms@0.7.2",
          "resolved": "https://registry.npmjs.org/ms/-/ms-0.7.2.tgz"
        }
      }
    },
    "socket.io-parser": {
      "version": "2.3.1",
      "from": "socket.io-parser@2.3.1",
      "resolved": "https://registry.npmjs.org/socket.io-parser/-/socket.io-parser-2.3.1.tgz",
      "dependencies": {
        "debug": {
          "version": "2.2.0",
          "from": "debug@2.2.0",
          "resolved": "https://registry.npmjs.org/debug/-/debug-2.2.0.tgz"
        },
        "isarray": {
          "version": "0.0.1",
          "from": "isarray@0.0.1",
          "resolved": "https://registry.npmjs.org/isarray/-/isarray-0.0.1.tgz"
        },
        "ms": {
          "version": "0.7.1",
          "from": "ms@0.7.1",
          "resolved": "https://registry.npmjs.org/ms/-/ms-0.7.1.tgz"
        }
      }
    },
    "source-map": {
      "version": "0.4.4",
      "from": "source-map@>=0.4.0 <0.5.0",
      "resolved": "https://registry.npmjs.org/source-map/-/source-map-0.4.4.tgz"
    },
    "sprintf-js": {
      "version": "1.0.3",
      "from": "sprintf-js@>=1.0.2 <1.1.0",
      "resolved": "https://registry.npmjs.org/sprintf-js/-/sprintf-js-1.0.3.tgz"
    },
    "sqlstring": {
      "version": "2.3.1",
      "from": "sqlstring@2.3.1",
      "resolved": "https://registry.npmjs.org/sqlstring/-/sqlstring-2.3.1.tgz"
    },
    "ssh2": {
      "version": "0.3.6",
      "from": "ssh2@>=0.3.6 <0.4.0",
      "resolved": "https://registry.npmjs.org/ssh2/-/ssh2-0.3.6.tgz",
      "dependencies": {
        "isarray": {
          "version": "0.0.1",
          "from": "isarray@0.0.1",
          "resolved": "https://registry.npmjs.org/isarray/-/isarray-0.0.1.tgz"
        },
        "readable-stream": {
          "version": "1.0.27-1",
          "from": "readable-stream@1.0.27-1",
          "resolved": "https://registry.npmjs.org/readable-stream/-/readable-stream-1.0.27-1.tgz"
        },
        "string_decoder": {
          "version": "0.10.31",
          "from": "string_decoder@>=0.10.0 <0.11.0",
          "resolved": "https://registry.npmjs.org/string_decoder/-/string_decoder-0.10.31.tgz"
        }
      }
    },
    "statuses": {
      "version": "1.5.0",
      "from": "statuses@>=1.4.0 <2.0.0",
      "resolved": "https://registry.npmjs.org/statuses/-/statuses-1.5.0.tgz"
    },
    "streamsearch": {
      "version": "0.1.2",
      "from": "streamsearch@0.1.2",
      "resolved": "https://registry.npmjs.org/streamsearch/-/streamsearch-0.1.2.tgz"
    },
    "string_decoder": {
      "version": "1.1.1",
      "from": "string_decoder@>=1.1.1 <1.2.0",
      "resolved": "https://registry.npmjs.org/string_decoder/-/string_decoder-1.1.1.tgz"
    },
    "string-width": {
      "version": "1.0.2",
      "from": "string-width@>=1.0.1 <2.0.0",
      "resolved": "https://registry.npmjs.org/string-width/-/string-width-1.0.2.tgz"
    },
    "strip-ansi": {
      "version": "3.0.1",
      "from": "strip-ansi@>=3.0.1 <4.0.0",
      "resolved": "https://registry.npmjs.org/strip-ansi/-/strip-ansi-3.0.1.tgz"
    },
    "to-array": {
      "version": "0.1.4",
      "from": "to-array@0.1.4",
      "resolved": "https://registry.npmjs.org/to-array/-/to-array-0.1.4.tgz"
    },
    "toidentifier": {
      "version": "1.0.0",
      "from": "toidentifier@1.0.0",
      "resolved": "https://registry.npmjs.org/toidentifier/-/toidentifier-1.0.0.tgz"
    },
    "transformers": {
      "version": "2.1.0",
      "from": "transformers@2.1.0",
      "resolved": "https://registry.npmjs.org/transformers/-/transformers-2.1.0.tgz",
      "dependencies": {
        "is-promise": {
          "version": "1.0.1",
          "from": "is-promise@>=1.0.0 <2.0.0",
          "resolved": "https://registry.npmjs.org/is-promise/-/is-promise-1.0.1.tgz"
        },
        "promise": {
          "version": "2.0.0",
          "from": "promise@>=2.0.0 <2.1.0",
          "resolved": "https://registry.npmjs.org/promise/-/promise-2.0.0.tgz"
        },
        "source-map": {
          "version": "0.1.43",
          "from": "source-map@>=0.1.7 <0.2.0",
          "resolved": "https://registry.npmjs.org/source-map/-/source-map-0.1.43.tgz"
        },
        "uglify-js": {
          "version": "2.2.5",
          "from": "uglify-js@>=2.2.5 <2.3.0",
          "resolved": "https://registry.npmjs.org/uglify-js/-/uglify-js-2.2.5.tgz"
        }
      }
    },
    "type-is": {
      "version": "1.6.16",
      "from": "type-is@>=1.6.16 <1.7.0",
      "resolved": "https://registry.npmjs.org/type-is/-/type-is-1.6.16.tgz"
    },
    "uglify-js": {
      "version": "2.8.29",
      "from": "uglify-js@>=2.4.19 <3.0.0",
      "resolved": "https://registry.npmjs.org/uglify-js/-/uglify-js-2.8.29.tgz",
      "dependencies": {
        "source-map": {
          "version": "0.5.7",
          "from": "source-map@>=0.5.1 <0.6.0",
          "resolved": "https://registry.npmjs.org/source-map/-/source-map-0.5.7.tgz"
        }
      }
    },
    "uglify-to-browserify": {
      "version": "1.0.2",
      "from": "uglify-to-browserify@>=1.0.0 <1.1.0",
      "resolved": "https://registry.npmjs.org/uglify-to-browserify/-/uglify-to-browserify-1.0.2.tgz",
      "optional": true
    },
    "ultron": {
      "version": "1.0.2",
      "from": "ultron@>=1.0.0 <1.1.0",
      "resolved": "https://registry.npmjs.org/ultron/-/ultron-1.0.2.tgz"
    },
    "unpipe": {
      "version": "1.0.0",
      "from": "unpipe@1.0.0",
      "resolved": "https://registry.npmjs.org/unpipe/-/unpipe-1.0.0.tgz"
    },
    "util-deprecate": {
      "version": "1.0.2",
      "from": "util-deprecate@>=1.0.1 <1.1.0",
      "resolved": "https://registry.npmjs.org/util-deprecate/-/util-deprecate-1.0.2.tgz"
    },
    "utils-merge": {
      "version": "1.0.0",
      "from": "utils-merge@1.0.0",
      "resolved": "https://registry.npmjs.org/utils-merge/-/utils-merge-1.0.0.tgz"
    },
    "vary": {
      "version": "1.0.1",
      "from": "vary@>=1.0.1 <1.1.0",
      "resolved": "https://registry.npmjs.org/vary/-/vary-1.0.1.tgz"
    },
    "void-elements": {
      "version": "2.0.1",
      "from": "void-elements@>=2.0.1 <2.1.0",
      "resolved": "https://registry.npmjs.org/void-elements/-/void-elements-2.0.1.tgz"
    },
    "window-size": {
      "version": "0.1.0",
      "from": "window-size@0.1.0",
      "resolved": "https://registry.npmjs.org/window-size/-/window-size-0.1.0.tgz"
    },
    "with": {
      "version": "4.0.3",
      "from": "with@>=4.0.0 <4.1.0",
      "resolved": "https://registry.npmjs.org/with/-/with-4.0.3.tgz",
      "dependencies": {
        "acorn": {
          "version": "1.2.2",
          "from": "acorn@>=1.0.1 <2.0.0",
          "resolved": "https://registry.npmjs.org/acorn/-/acorn-1.2.2.tgz"
        }
      }
    },
    "wordwrap": {
      "version": "0.0.3",
      "from": "wordwrap@>=0.0.2 <0.1.0",
      "resolved": "https://registry.npmjs.org/wordwrap/-/wordwrap-0.0.3.tgz"
    },
    "wrap-ansi": {
      "version": "2.1.0",
      "from": "wrap-ansi@>=2.0.0 <3.0.0",
      "resolved": "http://registry.npmjs.org/wrap-ansi/-/wrap-ansi-2.1.0.tgz"
    },
    "wrappy": {
      "version": "1.0.2",
      "from": "wrappy@>=1.0.0 <2.0.0",
      "resolved": "https://registry.npmjs.org/wrappy/-/wrappy-1.0.2.tgz"
    },
    "ws": {
      "version": "1.1.5",
      "from": "ws@>=1.1.5 <1.2.0",
      "resolved": "https://registry.npmjs.org/ws/-/ws-1.1.5.tgz"
    },
    "wtf-8": {
      "version": "1.0.0",
      "from": "wtf-8@1.0.0",
      "resolved": "https://registry.npmjs.org/wtf-8/-/wtf-8-1.0.0.tgz"
    },
    "xmlhttprequest-ssl": {
      "version": "1.5.3",
      "from": "xmlhttprequest-ssl@1.5.3",
      "resolved": "https://registry.npmjs.org/xmlhttprequest-ssl/-/xmlhttprequest-ssl-1.5.3.tgz"
    },
    "xtend": {
      "version": "4.0.1",
      "from": "xtend@>=4.0.0 <5.0.0",
      "resolved": "https://registry.npmjs.org/xtend/-/xtend-4.0.1.tgz"
    },
    "y18n": {
      "version": "3.2.1",
      "from": "y18n@>=3.2.0 <4.0.0",
      "resolved": "https://registry.npmjs.org/y18n/-/y18n-3.2.1.tgz"
    },
    "yamljs": {
      "version": "0.2.10",
      "from": "yamljs@>=0.2.4 <0.3.0",
      "resolved": "https://registry.npmjs.org/yamljs/-/yamljs-0.2.10.tgz"
    },
    "yargs": {
      "version": "3.10.0",
      "from": "yargs@>=3.10.0 <3.11.0",
      "resolved": "https://registry.npmjs.org/yargs/-/yargs-3.10.0.tgz"
    },
    "yeast": {
      "version": "0.1.2",
      "from": "yeast@0.1.2",
      "resolved": "https://registry.npmjs.org/yeast/-/yeast-0.1.2.tgz"
    }
  }
}
